// !$*UTF8*$!
{
	archiveVersion = 1;
	classes = {
	};
	objectVersion = 56;
	objects = {

/* Begin PBXBuildFile section */
		577FF9572BCFCD5B00075010 /* SaalTaskApp.swift in Sources */ = {isa = PBXBuildFile; fileRef = 577FF9562BCFCD5B00075010 /* SaalTaskApp.swift */; };
		577FF9592BCFCD5B00075010 /* ItemListScreen.swift in Sources */ = {isa = PBXBuildFile; fileRef = 577FF9582BCFCD5B00075010 /* ItemListScreen.swift */; };
		577FF95B2BCFCD5B00075010 /* Item.swift in Sources */ = {isa = PBXBuildFile; fileRef = 577FF95A2BCFCD5B00075010 /* Item.swift */; };
		577FF95D2BCFCD5D00075010 /* Assets.xcassets in Resources */ = {isa = PBXBuildFile; fileRef = 577FF95C2BCFCD5D00075010 /* Assets.xcassets */; };
		577FF9602BCFCD5D00075010 /* Preview Assets.xcassets in Resources */ = {isa = PBXBuildFile; fileRef = 577FF95F2BCFCD5D00075010 /* Preview Assets.xcassets */; };
		577FF96A2BCFD1D100075010 /* SearchBar.swift in Sources */ = {isa = PBXBuildFile; fileRef = 577FF9692BCFD1D100075010 /* SearchBar.swift */; };
		577FF96E2BCFDA5B00075010 /* FloatingAddButton.swift in Sources */ = {isa = PBXBuildFile; fileRef = 577FF96D2BCFDA5B00075010 /* FloatingAddButton.swift */; };
		577FF9712BCFE16F00075010 /* ItemCell.swift in Sources */ = {isa = PBXBuildFile; fileRef = 577FF9702BCFE16F00075010 /* ItemCell.swift */; };
		577FF9742BCFEB5F00075010 /* ItemListViewModel.swift in Sources */ = {isa = PBXBuildFile; fileRef = 577FF9732BCFEB5F00075010 /* ItemListViewModel.swift */; };
		577FF9772BCFF49D00075010 /* ItemSheet.swift in Sources */ = {isa = PBXBuildFile; fileRef = 577FF9762BCFF49D00075010 /* ItemSheet.swift */; };
		577FF9792BD0016200075010 /* SwiftDataManager.swift in Sources */ = {isa = PBXBuildFile; fileRef = 577FF9782BD0016200075010 /* SwiftDataManager.swift */; };
/* End PBXBuildFile section */

/* Begin PBXFileReference section */
		577FF9532BCFCD5B00075010 /* SaalTask.app */ = {isa = PBXFileReference; explicitFileType = wrapper.application; includeInIndex = 0; path = SaalTask.app; sourceTree = BUILT_PRODUCTS_DIR; };
		577FF9562BCFCD5B00075010 /* SaalTaskApp.swift */ = {isa = PBXFileReference; lastKnownFileType = sourcecode.swift; path = SaalTaskApp.swift; sourceTree = "<group>"; };
		577FF9582BCFCD5B00075010 /* ItemListScreen.swift */ = {isa = PBXFileReference; lastKnownFileType = sourcecode.swift; path = ItemListScreen.swift; sourceTree = "<group>"; };
		577FF95A2BCFCD5B00075010 /* Item.swift */ = {isa = PBXFileReference; lastKnownFileType = sourcecode.swift; path = Item.swift; sourceTree = "<group>"; };
		577FF95C2BCFCD5D00075010 /* Assets.xcassets */ = {isa = PBXFileReference; lastKnownFileType = folder.assetcatalog; path = Assets.xcassets; sourceTree = "<group>"; };
		577FF95F2BCFCD5D00075010 /* Preview Assets.xcassets */ = {isa = PBXFileReference; lastKnownFileType = folder.assetcatalog; path = "Preview Assets.xcassets"; sourceTree = "<group>"; };
		577FF9692BCFD1D100075010 /* SearchBar.swift */ = {isa = PBXFileReference; lastKnownFileType = sourcecode.swift; path = SearchBar.swift; sourceTree = "<group>"; };
		577FF96D2BCFDA5B00075010 /* FloatingAddButton.swift */ = {isa = PBXFileReference; lastKnownFileType = sourcecode.swift; path = FloatingAddButton.swift; sourceTree = "<group>"; };
		577FF9702BCFE16F00075010 /* ItemCell.swift */ = {isa = PBXFileReference; lastKnownFileType = sourcecode.swift; path = ItemCell.swift; sourceTree = "<group>"; };
		577FF9732BCFEB5F00075010 /* ItemListViewModel.swift */ = {isa = PBXFileReference; lastKnownFileType = sourcecode.swift; path = ItemListViewModel.swift; sourceTree = "<group>"; };
		577FF9762BCFF49D00075010 /* ItemSheet.swift */ = {isa = PBXFileReference; lastKnownFileType = sourcecode.swift; path = ItemSheet.swift; sourceTree = "<group>"; };
		577FF9782BD0016200075010 /* SwiftDataManager.swift */ = {isa = PBXFileReference; lastKnownFileType = sourcecode.swift; path = SwiftDataManager.swift; sourceTree = "<group>"; };
/* End PBXFileReference section */

/* Begin PBXFrameworksBuildPhase section */
		577FF9502BCFCD5B00075010 /* Frameworks */ = {
			isa = PBXFrameworksBuildPhase;
			buildActionMask = 2147483647;
			files = (
			);
			runOnlyForDeploymentPostprocessing = 0;
		};
/* End PBXFrameworksBuildPhase section */

/* Begin PBXGroup section */
		577FF94A2BCFCD5B00075010 = {
			isa = PBXGroup;
			children = (
				577FF9552BCFCD5B00075010 /* SaalTask */,
				577FF9542BCFCD5B00075010 /* Products */,
			);
			sourceTree = "<group>";
		};
		577FF9542BCFCD5B00075010 /* Products */ = {
			isa = PBXGroup;
			children = (
				577FF9532BCFCD5B00075010 /* SaalTask.app */,
			);
			name = Products;
			sourceTree = "<group>";
		};
		577FF9552BCFCD5B00075010 /* SaalTask */ = {
			isa = PBXGroup;
			children = (
				577FF9752BCFEB9A00075010 /* Services */,
				577FF9662BCFCF1D00075010 /* Core */,
				577FF9672BCFCF2A00075010 /* Scenes */,
				577FF95A2BCFCD5B00075010 /* Item.swift */,
				577FF95C2BCFCD5D00075010 /* Assets.xcassets */,
				577FF95E2BCFCD5D00075010 /* Preview Content */,
			);
			path = SaalTask;
			sourceTree = "<group>";
		};
		577FF95E2BCFCD5D00075010 /* Preview Content */ = {
			isa = PBXGroup;
			children = (
				577FF95F2BCFCD5D00075010 /* Preview Assets.xcassets */,
			);
			path = "Preview Content";
			sourceTree = "<group>";
		};
		577FF9662BCFCF1D00075010 /* Core */ = {
			isa = PBXGroup;
			children = (
				577FF9562BCFCD5B00075010 /* SaalTaskApp.swift */,
			);
			path = Core;
			sourceTree = "<group>";
		};
		577FF9672BCFCF2A00075010 /* Scenes */ = {
			isa = PBXGroup;
			children = (
				577FF96B2BCFD6D300075010 /* ItemsListScreen */,
			);
			path = Scenes;
			sourceTree = "<group>";
		};
		577FF96B2BCFD6D300075010 /* ItemsListScreen */ = {
			isa = PBXGroup;
			children = (
				577FF9722BCFEB4400075010 /* ViewModel */,
				577FF96C2BCFD89100075010 /* View */,
			);
			path = ItemsListScreen;
			sourceTree = "<group>";
		};
		577FF96C2BCFD89100075010 /* View */ = {
			isa = PBXGroup;
			children = (
				577FF9582BCFCD5B00075010 /* ItemListScreen.swift */,
				577FF96F2BCFDF6D00075010 /* Subviews */,
			);
			path = View;
			sourceTree = "<group>";
		};
		577FF96F2BCFDF6D00075010 /* Subviews */ = {
			isa = PBXGroup;
			children = (
				577FF96D2BCFDA5B00075010 /* FloatingAddButton.swift */,
				577FF9692BCFD1D100075010 /* SearchBar.swift */,
				577FF9702BCFE16F00075010 /* ItemCell.swift */,
				577FF9762BCFF49D00075010 /* ItemSheet.swift */,
			);
			path = Subviews;
			sourceTree = "<group>";
		};
		577FF9722BCFEB4400075010 /* ViewModel */ = {
			isa = PBXGroup;
			children = (
				577FF9732BCFEB5F00075010 /* ItemListViewModel.swift */,
			);
			path = ViewModel;
			sourceTree = "<group>";
		};
		577FF9752BCFEB9A00075010 /* Services */ = {
			isa = PBXGroup;
			children = (
				577FF9782BD0016200075010 /* SwiftDataManager.swift */,
			);
			path = Services;
			sourceTree = "<group>";
		};
/* End PBXGroup section */

/* Begin PBXNativeTarget section */
		577FF9522BCFCD5B00075010 /* SaalTask */ = {
			isa = PBXNativeTarget;
			buildConfigurationList = 577FF9632BCFCD5D00075010 /* Build configuration list for PBXNativeTarget "SaalTask" */;
			buildPhases = (
				577FF94F2BCFCD5B00075010 /* Sources */,
				577FF9502BCFCD5B00075010 /* Frameworks */,
				577FF9512BCFCD5B00075010 /* Resources */,
				577FF97A2BD0941700075010 /* ShellScript */,
			);
			buildRules = (
			);
			dependencies = (
			);
			name = SaalTask;
			productName = Saal_Task;
			productReference = 577FF9532BCFCD5B00075010 /* SaalTask.app */;
			productType = "com.apple.product-type.application";
		};
/* End PBXNativeTarget section */

/* Begin PBXProject section */
		577FF94B2BCFCD5B00075010 /* Project object */ = {
			isa = PBXProject;
			attributes = {
				BuildIndependentTargetsInParallel = 1;
				LastSwiftUpdateCheck = 1530;
				LastUpgradeCheck = 1530;
				TargetAttributes = {
					577FF9522BCFCD5B00075010 = {
						CreatedOnToolsVersion = 15.3;
					};
				};
			};
			buildConfigurationList = 577FF94E2BCFCD5B00075010 /* Build configuration list for PBXProject "SaalTask" */;
			compatibilityVersion = "Xcode 14.0";
			developmentRegion = en;
			hasScannedForEncodings = 0;
			knownRegions = (
				en,
				Base,
			);
			mainGroup = 577FF94A2BCFCD5B00075010;
			productRefGroup = 577FF9542BCFCD5B00075010 /* Products */;
			projectDirPath = "";
			projectRoot = "";
			targets = (
				577FF9522BCFCD5B00075010 /* SaalTask */,
			);
		};
/* End PBXProject section */

/* Begin PBXResourcesBuildPhase section */
		577FF9512BCFCD5B00075010 /* Resources */ = {
			isa = PBXResourcesBuildPhase;
			buildActionMask = 2147483647;
			files = (
				577FF9602BCFCD5D00075010 /* Preview Assets.xcassets in Resources */,
				577FF95D2BCFCD5D00075010 /* Assets.xcassets in Resources */,
			);
			runOnlyForDeploymentPostprocessing = 0;
		};
/* End PBXResourcesBuildPhase section */

/* Begin PBXShellScriptBuildPhase section */
		577FF97A2BD0941700075010 /* ShellScript */ = {
			isa = PBXShellScriptBuildPhase;
			alwaysOutOfDate = 1;
			buildActionMask = 2147483647;
			files = (
			);
			inputFileListPaths = (
			);
			inputPaths = (
			);
			outputFileListPaths = (
			);
			outputPaths = (
			);
			runOnlyForDeploymentPostprocessing = 0;
			shellPath = /bin/sh;
			shellScript = "# Type a script or drag a script file from your workspace to insert its path.\nif [[ \"$(uname -m)\" == arm64 ]]; then\n    export PATH=\"/opt/homebrew/bin:$PATH\"\nfi\n\nif which swiftlint > /dev/null; then\n  swiftlint\nelse\n  echo \"warning: SwiftLint not installed, download from https://github.com/realm/SwiftLint\"\nfi\n";
			showEnvVarsInLog = 0;
		};
/* End PBXShellScriptBuildPhase section */

/* Begin PBXSourcesBuildPhase section */
		577FF94F2BCFCD5B00075010 /* Sources */ = {
			isa = PBXSourcesBuildPhase;
			buildActionMask = 2147483647;
			files = (
				577FF96A2BCFD1D100075010 /* SearchBar.swift in Sources */,
				577FF9772BCFF49D00075010 /* ItemSheet.swift in Sources */,
				577FF9592BCFCD5B00075010 /* ItemListScreen.swift in Sources */,
				577FF95B2BCFCD5B00075010 /* Item.swift in Sources */,
				577FF9712BCFE16F00075010 /* ItemCell.swift in Sources */,
				577FF9572BCFCD5B00075010 /* SaalTaskApp.swift in Sources */,
				577FF9792BD0016200075010 /* SwiftDataManager.swift in Sources */,
				577FF9742BCFEB5F00075010 /* ItemListViewModel.swift in Sources */,
				577FF96E2BCFDA5B00075010 /* FloatingAddButton.swift in Sources */,
			);
			runOnlyForDeploymentPostprocessing = 0;
		};
/* End PBXSourcesBuildPhase section */

/* Begin XCBuildConfiguration section */
		577FF9612BCFCD5D00075010 /* Debug */ = {
			isa = XCBuildConfiguration;
			buildSettings = {
				ALWAYS_SEARCH_USER_PATHS = NO;
				ASSETCATALOG_COMPILER_GENERATE_SWIFT_ASSET_SYMBOL_EXTENSIONS = YES;
				CLANG_ANALYZER_NONNULL = YES;
				CLANG_ANALYZER_NUMBER_OBJECT_CONVERSION = YES_AGGRESSIVE;
				CLANG_CXX_LANGUAGE_STANDARD = "gnu++20";
				CLANG_ENABLE_MODULES = YES;
				CLANG_ENABLE_OBJC_ARC = YES;
				CLANG_ENABLE_OBJC_WEAK = YES;
				CLANG_WARN_BLOCK_CAPTURE_AUTORELEASING = YES;
				CLANG_WARN_BOOL_CONVERSION = YES;
				CLANG_WARN_COMMA = YES;
				CLANG_WARN_CONSTANT_CONVERSION = YES;
				CLANG_WARN_DEPRECATED_OBJC_IMPLEMENTATIONS = YES;
				CLANG_WARN_DIRECT_OBJC_ISA_USAGE = YES_ERROR;
				CLANG_WARN_DOCUMENTATION_COMMENTS = YES;
				CLANG_WARN_EMPTY_BODY = YES;
				CLANG_WARN_ENUM_CONVERSION = YES;
				CLANG_WARN_INFINITE_RECURSION = YES;
				CLANG_WARN_INT_CONVERSION = YES;
				CLANG_WARN_NON_LITERAL_NULL_CONVERSION = YES;
				CLANG_WARN_OBJC_IMPLICIT_RETAIN_SELF = YES;
				CLANG_WARN_OBJC_LITERAL_CONVERSION = YES;
				CLANG_WARN_OBJC_ROOT_CLASS = YES_ERROR;
				CLANG_WARN_QUOTED_INCLUDE_IN_FRAMEWORK_HEADER = YES;
				CLANG_WARN_RANGE_LOOP_ANALYSIS = YES;
				CLANG_WARN_STRICT_PROTOTYPES = YES;
				CLANG_WARN_SUSPICIOUS_MOVE = YES;
				CLANG_WARN_UNGUARDED_AVAILABILITY = YES_AGGRESSIVE;
				CLANG_WARN_UNREACHABLE_CODE = YES;
				CLANG_WARN__DUPLICATE_METHOD_MATCH = YES;
				COPY_PHASE_STRIP = NO;
				DEBUG_INFORMATION_FORMAT = dwarf;
				ENABLE_STRICT_OBJC_MSGSEND = YES;
				ENABLE_TESTABILITY = YES;
				ENABLE_USER_SCRIPT_SANDBOXING = YES;
				GCC_C_LANGUAGE_STANDARD = gnu17;
				GCC_DYNAMIC_NO_PIC = NO;
				GCC_NO_COMMON_BLOCKS = YES;
				GCC_OPTIMIZATION_LEVEL = 0;
				GCC_PREPROCESSOR_DEFINITIONS = (
					"DEBUG=1",
					"$(inherited)",
				);
				GCC_WARN_64_TO_32_BIT_CONVERSION = YES;
				GCC_WARN_ABOUT_RETURN_TYPE = YES_ERROR;
				GCC_WARN_UNDECLARED_SELECTOR = YES;
				GCC_WARN_UNINITIALIZED_AUTOS = YES_AGGRESSIVE;
				GCC_WARN_UNUSED_FUNCTION = YES;
				GCC_WARN_UNUSED_VARIABLE = YES;
				IPHONEOS_DEPLOYMENT_TARGET = 17.4;
				LOCALIZATION_PREFERS_STRING_CATALOGS = YES;
				MTL_ENABLE_DEBUG_INFO = INCLUDE_SOURCE;
				MTL_FAST_MATH = YES;
				ONLY_ACTIVE_ARCH = YES;
				SDKROOT = iphoneos;
				SWIFT_ACTIVE_COMPILATION_CONDITIONS = "DEBUG $(inherited)";
				SWIFT_OPTIMIZATION_LEVEL = "-Onone";
			};
			name = Debug;
		};
		577FF9622BCFCD5D00075010 /* Release */ = {
			isa = XCBuildConfiguration;
			buildSettings = {
				ALWAYS_SEARCH_USER_PATHS = NO;
				ASSETCATALOG_COMPILER_GENERATE_SWIFT_ASSET_SYMBOL_EXTENSIONS = YES;
				CLANG_ANALYZER_NONNULL = YES;
				CLANG_ANALYZER_NUMBER_OBJECT_CONVERSION = YES_AGGRESSIVE;
				CLANG_CXX_LANGUAGE_STANDARD = "gnu++20";
				CLANG_ENABLE_MODULES = YES;
				CLANG_ENABLE_OBJC_ARC = YES;
				CLANG_ENABLE_OBJC_WEAK = YES;
				CLANG_WARN_BLOCK_CAPTURE_AUTORELEASING = YES;
				CLANG_WARN_BOOL_CONVERSION = YES;
				CLANG_WARN_COMMA = YES;
				CLANG_WARN_CONSTANT_CONVERSION = YES;
				CLANG_WARN_DEPRECATED_OBJC_IMPLEMENTATIONS = YES;
				CLANG_WARN_DIRECT_OBJC_ISA_USAGE = YES_ERROR;
				CLANG_WARN_DOCUMENTATION_COMMENTS = YES;
				CLANG_WARN_EMPTY_BODY = YES;
				CLANG_WARN_ENUM_CONVERSION = YES;
				CLANG_WARN_INFINITE_RECURSION = YES;
				CLANG_WARN_INT_CONVERSION = YES;
				CLANG_WARN_NON_LITERAL_NULL_CONVERSION = YES;
				CLANG_WARN_OBJC_IMPLICIT_RETAIN_SELF = YES;
				CLANG_WARN_OBJC_LITERAL_CONVERSION = YES;
				CLANG_WARN_OBJC_ROOT_CLASS = YES_ERROR;
				CLANG_WARN_QUOTED_INCLUDE_IN_FRAMEWORK_HEADER = YES;
				CLANG_WARN_RANGE_LOOP_ANALYSIS = YES;
				CLANG_WARN_STRICT_PROTOTYPES = YES;
				CLANG_WARN_SUSPICIOUS_MOVE = YES;
				CLANG_WARN_UNGUARDED_AVAILABILITY = YES_AGGRESSIVE;
				CLANG_WARN_UNREACHABLE_CODE = YES;
				CLANG_WARN__DUPLICATE_METHOD_MATCH = YES;
				COPY_PHASE_STRIP = NO;
				DEBUG_INFORMATION_FORMAT = "dwarf-with-dsym";
				ENABLE_NS_ASSERTIONS = NO;
				ENABLE_STRICT_OBJC_MSGSEND = YES;
				ENABLE_USER_SCRIPT_SANDBOXING = YES;
				GCC_C_LANGUAGE_STANDARD = gnu17;
				GCC_NO_COMMON_BLOCKS = YES;
				GCC_WARN_64_TO_32_BIT_CONVERSION = YES;
				GCC_WARN_ABOUT_RETURN_TYPE = YES_ERROR;
				GCC_WARN_UNDECLARED_SELECTOR = YES;
				GCC_WARN_UNINITIALIZED_AUTOS = YES_AGGRESSIVE;
				GCC_WARN_UNUSED_FUNCTION = YES;
				GCC_WARN_UNUSED_VARIABLE = YES;
				IPHONEOS_DEPLOYMENT_TARGET = 17.4;
				LOCALIZATION_PREFERS_STRING_CATALOGS = YES;
				MTL_ENABLE_DEBUG_INFO = NO;
				MTL_FAST_MATH = YES;
				SDKROOT = iphoneos;
				SWIFT_COMPILATION_MODE = wholemodule;
				VALIDATE_PRODUCT = YES;
			};
			name = Release;
		};
		577FF9642BCFCD5D00075010 /* Debug */ = {
			isa = XCBuildConfiguration;
			buildSettings = {
				ASSETCATALOG_COMPILER_APPICON_NAME = AppIcon;
				ASSETCATALOG_COMPILER_GLOBAL_ACCENT_COLOR_NAME = AccentColor;
				CODE_SIGN_STYLE = Automatic;
				CURRENT_PROJECT_VERSION = 1;
				DEVELOPMENT_ASSET_PATHS = "\"SaalTask/Preview Content\"";
				DEVELOPMENT_TEAM = G9Q79MB7M4;
				ENABLE_PREVIEWS = YES;
				ENABLE_USER_SCRIPT_SANDBOXING = NO;
				GENERATE_INFOPLIST_FILE = YES;
				INFOPLIST_KEY_UIApplicationSceneManifest_Generation = YES;
				INFOPLIST_KEY_UIApplicationSupportsIndirectInputEvents = YES;
				INFOPLIST_KEY_UILaunchScreen_Generation = YES;
				INFOPLIST_KEY_UISupportedInterfaceOrientations = UIInterfaceOrientationPortrait;
				INFOPLIST_KEY_UISupportedInterfaceOrientations_iPad = "UIInterfaceOrientationLandscapeLeft UIInterfaceOrientationLandscapeRight UIInterfaceOrientationPortrait UIInterfaceOrientationPortraitUpsideDown";
				LD_RUNPATH_SEARCH_PATHS = (
					"$(inherited)",
					"@executable_path/Frameworks",
				);
				MARKETING_VERSION = 1.0;
				PRODUCT_BUNDLE_IDENTIFIER = com.isconfig.SaalTask;
				PRODUCT_NAME = "$(TARGET_NAME)";
				SWIFT_EMIT_LOC_STRINGS = YES;
				SWIFT_VERSION = 5.0;
				TARGETED_DEVICE_FAMILY = "1,2";
			};
			name = Debug;
		};
		577FF9652BCFCD5D00075010 /* Release */ = {
			isa = XCBuildConfiguration;
			buildSettings = {
				ASSETCATALOG_COMPILER_APPICON_NAME = AppIcon;
				ASSETCATALOG_COMPILER_GLOBAL_ACCENT_COLOR_NAME = AccentColor;
				CODE_SIGN_STYLE = Automatic;
				CURRENT_PROJECT_VERSION = 1;
				DEVELOPMENT_ASSET_PATHS = "\"SaalTask/Preview Content\"";
				DEVELOPMENT_TEAM = G9Q79MB7M4;
				ENABLE_PREVIEWS = YES;
				ENABLE_USER_SCRIPT_SANDBOXING = NO;
				GENERATE_INFOPLIST_FILE = YES;
				INFOPLIST_KEY_UIApplicationSceneManifest_Generation = YES;
				INFOPLIST_KEY_UIApplicationSupportsIndirectInputEvents = YES;
				INFOPLIST_KEY_UILaunchScreen_Generation = YES;
				INFOPLIST_KEY_UISupportedInterfaceOrientations = UIInterfaceOrientationPortrait;
				INFOPLIST_KEY_UISupportedInterfaceOrientations_iPad = "UIInterfaceOrientationLandscapeLeft UIInterfaceOrientationLandscapeRight UIInterfaceOrientationPortrait UIInterfaceOrientationPortraitUpsideDown";
				LD_RUNPATH_SEARCH_PATHS = (
					"$(inherited)",
					"@executable_path/Frameworks",
				);
				MARKETING_VERSION = 1.0;
				PRODUCT_BUNDLE_IDENTIFIER = com.isconfig.SaalTask;
				PRODUCT_NAME = "$(TARGET_NAME)";
				SWIFT_EMIT_LOC_STRINGS = YES;
				SWIFT_VERSION = 5.0;
				TARGETED_DEVICE_FAMILY = "1,2";
			};
			name = Release;
		};
/* End XCBuildConfiguration section */

/* Begin XCConfigurationList section */
		577FF94E2BCFCD5B00075010 /* Build configuration list for PBXProject "SaalTask" */ = {
			isa = XCConfigurationList;
			buildConfigurations = (
				577FF9612BCFCD5D00075010 /* Debug */,
				577FF9622BCFCD5D00075010 /* Release */,
			);
			defaultConfigurationIsVisible = 0;
			defaultConfigurationName = Release;
		};
		577FF9632BCFCD5D00075010 /* Build configuration list for PBXNativeTarget "SaalTask" */ = {
			isa = XCConfigurationList;
			buildConfigurations = (
				577FF9642BCFCD5D00075010 /* Debug */,
				577FF9652BCFCD5D00075010 /* Release */,
			);
			defaultConfigurationIsVisible = 0;
			defaultConfigurationName = Release;
		};
/* End XCConfigurationList section */
	};
	rootObject = 577FF94B2BCFCD5B00075010 /* Project object */;
}
